
Microsoft Visual Studio Solution File, Format Version 12.00
# Visual Studio Version 17
VisualStudioVersion = 17.3.32929.385
MinimumVisualStudioVersion = 10.0.40219.1
Project("{FAE04EC0-301F-11D3-BF4B-00C04F79EFBC}") = "homeTask-02", "homeTask-02\homeTask-02.csproj", "{578779B5-120D-48D4-BF40-7E752CDDFEA0}"
EndProject
Global
	GlobalSection(SolutionConfigurationPlatforms) = preSolution
		Debug|Any CPU = Debug|Any CPU
		Release|Any CPU = Release|Any CPU
	EndGlobalSection
	GlobalSection(ProjectConfigurationPlatforms) = postSolution
		{578779B5-120D-48D4-BF40-7E752CDDFEA0}.Debug|Any CPU.ActiveCfg = Debug|Any CPU
		{578779B5-120D-48D4-BF40-7E752CDDFEA0}.Debug|Any CPU.Build.0 = Debug|Any CPU
		{578779B5-120D-48D4-BF40-7E752CDDFEA0}.Release|Any CPU.ActiveCfg = Release|Any CPU
		{578779B5-120D-48D4-BF40-7E752CDDFEA0}.Release|Any CPU.Build.0 = Release|Any CPU
	EndGlobalSection
	GlobalSection(SolutionProperties) = preSolution
		HideSolutionNode = FALSE
	EndGlobalSection
	GlobalSection(ExtensibilityGlobals) = postSolution
		SolutionGuid = {F8F0E70E-37C0-4CC5-A1C6-A3AA392BD72E}
	EndGlobalSection
EndGlobal
